Microsoft Visual Studio Solution File, Format Version 11.00
# Visual Studio 2008

Project("{EC27D669-9CAB-94DF-1A1D-3DE70574B4DD}") = "Game Design 2 v0.1", "Assembly-CSharp-firstpass.csproj", "{CB2AE8CB-FDFD-3061-17C1-09FB8751A0FF}"
EndProject
Project("{EC27D669-9CAB-94DF-1A1D-3DE70574B4DD}") = "Game Design 2 v0.1", "Assembly-CSharp.csproj", "{C31B5519-4E7F-08A4-0EB3-A3F801A85E84}"
EndProject
Project("{EC27D669-9CAB-94DF-1A1D-3DE70574B4DD}") = "Game Design 2 v0.1", "Assembly-UnityScript.unityproj", "{3C9D5EB1-BCE5-8B3B-9F7C-584392814D1A}"
EndProject
Global
	GlobalSection(SolutionConfigurationPlatforms) = preSolution
		Debug|Any CPU = Debug|Any CPU
		Release|Any CPU = Release|Any CPU
	EndGlobalSection
	GlobalSection(ProjectConfigurationPlatforms) = postSolution
		{CB2AE8CB-FDFD-3061-17C1-09FB8751A0FF}.Debug|Any CPU.ActiveCfg = Debug|Any CPU
		{CB2AE8CB-FDFD-3061-17C1-09FB8751A0FF}.Debug|Any CPU.Build.0 = Debug|Any CPU
		{CB2AE8CB-FDFD-3061-17C1-09FB8751A0FF}.Release|Any CPU.ActiveCfg = Release|Any CPU
		{CB2AE8CB-FDFD-3061-17C1-09FB8751A0FF}.Release|Any CPU.Build.0 = Release|Any CPU
		{C31B5519-4E7F-08A4-0EB3-A3F801A85E84}.Debug|Any CPU.ActiveCfg = Debug|Any CPU
		{C31B5519-4E7F-08A4-0EB3-A3F801A85E84}.Debug|Any CPU.Build.0 = Debug|Any CPU
		{C31B5519-4E7F-08A4-0EB3-A3F801A85E84}.Release|Any CPU.ActiveCfg = Release|Any CPU
		{C31B5519-4E7F-08A4-0EB3-A3F801A85E84}.Release|Any CPU.Build.0 = Release|Any CPU
		{3C9D5EB1-BCE5-8B3B-9F7C-584392814D1A}.Debug|Any CPU.ActiveCfg = Debug|Any CPU
		{3C9D5EB1-BCE5-8B3B-9F7C-584392814D1A}.Debug|Any CPU.Build.0 = Debug|Any CPU
		{3C9D5EB1-BCE5-8B3B-9F7C-584392814D1A}.Release|Any CPU.ActiveCfg = Release|Any CPU
		{3C9D5EB1-BCE5-8B3B-9F7C-584392814D1A}.Release|Any CPU.Build.0 = Release|Any CPU
	EndGlobalSection
	GlobalSection(SolutionProperties) = preSolution
		HideSolutionNode = FALSE
	EndGlobalSection
	GlobalSection(MonoDevelopProperties) = preSolution
		StartupItem = Assembly-CSharp.csproj
	EndGlobalSection
EndGlobal
